
Microsoft Visual Studio Solution File, Format Version 12.00
# Visual Studio Version 17
VisualStudioVersion = 17.14.36518.9 d17.14
MinimumVisualStudioVersion = 10.0.40219.1
Project("{FAE04EC0-301F-11D3-BF4B-00C04F79EFBC}") = "prjSessions", "prjSessions\prjSessions.csproj", "{F45EFB20-494B-4AA0-803B-F308B55BEE82}"
EndProject
Global
	GlobalSection(SolutionConfigurationPlatforms) = preSolution
		Debug|Any CPU = Debug|Any CPU
		Release|Any CPU = Release|Any CPU
	EndGlobalSection
	GlobalSection(ProjectConfigurationPlatforms) = postSolution
		{F45EFB20-494B-4AA0-803B-F308B55BEE82}.Debug|Any CPU.ActiveCfg = Debug|Any CPU
		{F45EFB20-494B-4AA0-803B-F308B55BEE82}.Debug|Any CPU.Build.0 = Debug|Any CPU
		{F45EFB20-494B-4AA0-803B-F308B55BEE82}.Release|Any CPU.ActiveCfg = Release|Any CPU
		{F45EFB20-494B-4AA0-803B-F308B55BEE82}.Release|Any CPU.Build.0 = Release|Any CPU
	EndGlobalSection
	GlobalSection(SolutionProperties) = preSolution
		HideSolutionNode = FALSE
	EndGlobalSection
	GlobalSection(ExtensibilityGlobals) = postSolution
		SolutionGuid = {7018CF4A-E26C-4CB3-B929-B2CC11FE5E46}
	EndGlobalSection
EndGlobal
